{
  "name": "MorphineInspiredSynth",
  "lockfileVersion": 2,
  "requires": true,
  "packages": {
    "": {
      "dependencies": {
        "node-wav": "^0.0.2",
        "simplex-noise": "^3.0.1"
      }
    },
    "node_modules/node-wav": {
      "version": "0.0.2",
      "resolved": "https://registry.npmjs.org/node-wav/-/node-wav-0.0.2.tgz",
      "integrity": "sha1-ictjz4zWbsirRV9bpIZOX8tGBeg=",
      "engines": {
        "node": ">=4.4.0"
      }
    },
    "node_modules/simplex-noise": {
      "version": "3.0.1",
      "resolved": "https://registry.npmjs.org/simplex-noise/-/simplex-noise-3.0.1.tgz",
      "integrity": "sha512-eww0SFiWLyOaUKQMJ7gbdvQJvULeJdM/Y4BiC3rrOQnYHo+MSPh465/qeXSZkpTdB9/HthumpnYD3DobZweBBQ=="
    }
  },
  "dependencies": {
    "node-wav": {
      "version": "0.0.2",
      "resolved": "https://registry.npmjs.org/node-wav/-/node-wav-0.0.2.tgz",
      "integrity": "sha1-ictjz4zWbsirRV9bpIZOX8tGBeg="
    },
    "simplex-noise": {
      "version": "3.0.1",
      "resolved": "https://registry.npmjs.org/simplex-noise/-/simplex-noise-3.0.1.tgz",
      "integrity": "sha512-eww0SFiWLyOaUKQMJ7gbdvQJvULeJdM/Y4BiC3rrOQnYHo+MSPh465/qeXSZkpTdB9/HthumpnYD3DobZweBBQ=="
    }
  }
}
